// !$*UTF8*$!
{
	archiveVersion = 1;
	classes = {
	};
	objectVersion = 50;
	objects = {

/* Begin PBXBuildFile section */
		86418A14242D221B00B6FC32 /* PersonalInfoViewController.swift in Sources */ = {isa = PBXBuildFile; fileRef = 86418A13242D221B00B6FC32 /* PersonalInfoViewController.swift */; };
		86418A16242D227100B6FC32 /* InfoCollectionGuideViewController.swift in Sources */ = {isa = PBXBuildFile; fileRef = 86418A15242D227100B6FC32 /* InfoCollectionGuideViewController.swift */; };
		86418A18242D232B00B6FC32 /* InterestViewController.swift in Sources */ = {isa = PBXBuildFile; fileRef = 86418A17242D232B00B6FC32 /* InterestViewController.swift */; };
		86418A1A242D233A00B6FC32 /* LogInViewController.swift in Sources */ = {isa = PBXBuildFile; fileRef = 86418A19242D233A00B6FC32 /* LogInViewController.swift */; };
		865230C1242B4E7100CF5A8C /* AppDelegate.swift in Sources */ = {isa = PBXBuildFile; fileRef = 865230C0242B4E7100CF5A8C /* AppDelegate.swift */; };
		865230C3242B4E7100CF5A8C /* SceneDelegate.swift in Sources */ = {isa = PBXBuildFile; fileRef = 865230C2242B4E7100CF5A8C /* SceneDelegate.swift */; };
		865230C5242B4E7100CF5A8C /* SignUpViewController.swift in Sources */ = {isa = PBXBuildFile; fileRef = 865230C4242B4E7100CF5A8C /* SignUpViewController.swift */; };
		865230C8242B4E7100CF5A8C /* Main.storyboard in Resources */ = {isa = PBXBuildFile; fileRef = 865230C6242B4E7100CF5A8C /* Main.storyboard */; };
		865230CA242B4E7200CF5A8C /* Assets.xcassets in Resources */ = {isa = PBXBuildFile; fileRef = 865230C9242B4E7200CF5A8C /* Assets.xcassets */; };
		865230CD242B4E7200CF5A8C /* LaunchScreen.storyboard in Resources */ = {isa = PBXBuildFile; fileRef = 865230CB242B4E7200CF5A8C /* LaunchScreen.storyboard */; };
/* End PBXBuildFile section */

/* Begin PBXFileReference section */
		86418A13242D221B00B6FC32 /* PersonalInfoViewController.swift */ = {isa = PBXFileReference; lastKnownFileType = sourcecode.swift; path = PersonalInfoViewController.swift; sourceTree = "<group>"; };
		86418A15242D227100B6FC32 /* InfoCollectionGuideViewController.swift */ = {isa = PBXFileReference; lastKnownFileType = sourcecode.swift; path = InfoCollectionGuideViewController.swift; sourceTree = "<group>"; };
		86418A17242D232B00B6FC32 /* InterestViewController.swift */ = {isa = PBXFileReference; lastKnownFileType = sourcecode.swift; path = InterestViewController.swift; sourceTree = "<group>"; };
		86418A19242D233A00B6FC32 /* LogInViewController.swift */ = {isa = PBXFileReference; lastKnownFileType = sourcecode.swift; path = LogInViewController.swift; sourceTree = "<group>"; };
		865230BD242B4E7100CF5A8C /* SignUp.app */ = {isa = PBXFileReference; explicitFileType = wrapper.application; includeInIndex = 0; path = SignUp.app; sourceTree = BUILT_PRODUCTS_DIR; };
		865230C0242B4E7100CF5A8C /* AppDelegate.swift */ = {isa = PBXFileReference; lastKnownFileType = sourcecode.swift; path = AppDelegate.swift; sourceTree = "<group>"; };
		865230C2242B4E7100CF5A8C /* SceneDelegate.swift */ = {isa = PBXFileReference; lastKnownFileType = sourcecode.swift; path = SceneDelegate.swift; sourceTree = "<group>"; };
		865230C4242B4E7100CF5A8C /* SignUpViewController.swift */ = {isa = PBXFileReference; lastKnownFileType = sourcecode.swift; path = SignUpViewController.swift; sourceTree = "<group>"; };
		865230C7242B4E7100CF5A8C /* Base */ = {isa = PBXFileReference; lastKnownFileType = file.storyboard; name = Base; path = Base.lproj/Main.storyboard; sourceTree = "<group>"; };
		865230C9242B4E7200CF5A8C /* Assets.xcassets */ = {isa = PBXFileReference; lastKnownFileType = folder.assetcatalog; path = Assets.xcassets; sourceTree = "<group>"; };
		865230CC242B4E7200CF5A8C /* Base */ = {isa = PBXFileReference; lastKnownFileType = file.storyboard; name = Base; path = Base.lproj/LaunchScreen.storyboard; sourceTree = "<group>"; };
		865230CE242B4E7200CF5A8C /* Info.plist */ = {isa = PBXFileReference; lastKnownFileType = text.plist.xml; path = Info.plist; sourceTree = "<group>"; };
/* End PBXFileReference section */

/* Begin PBXFrameworksBuildPhase section */
		865230BA242B4E7100CF5A8C /* Frameworks */ = {
			isa = PBXFrameworksBuildPhase;
			buildActionMask = 2147483647;
			files = (
			);
			runOnlyForDeploymentPostprocessing = 0;
		};
/* End PBXFrameworksBuildPhase section */

/* Begin PBXGroup section */
		86418A1B242D235700B6FC32 /* View Controllers */ = {
			isa = PBXGroup;
			children = (
				865230C4242B4E7100CF5A8C /* SignUpViewController.swift */,
				86418A13242D221B00B6FC32 /* PersonalInfoViewController.swift */,
				86418A15242D227100B6FC32 /* InfoCollectionGuideViewController.swift */,
				86418A17242D232B00B6FC32 /* InterestViewController.swift */,
				86418A19242D233A00B6FC32 /* LogInViewController.swift */,
			);
			path = "View Controllers";
			sourceTree = "<group>";
		};
		865230B4242B4E7100CF5A8C = {
			isa = PBXGroup;
			children = (
				865230BF242B4E7100CF5A8C /* SignUp */,
				865230BE242B4E7100CF5A8C /* Products */,
			);
			sourceTree = "<group>";
		};
		865230BE242B4E7100CF5A8C /* Products */ = {
			isa = PBXGroup;
			children = (
				865230BD242B4E7100CF5A8C /* SignUp.app */,
			);
			name = Products;
			sourceTree = "<group>";
		};
		865230BF242B4E7100CF5A8C /* SignUp */ = {
			isa = PBXGroup;
			children = (
				86418A1B242D235700B6FC32 /* View Controllers */,
				865230C0242B4E7100CF5A8C /* AppDelegate.swift */,
				865230C2242B4E7100CF5A8C /* SceneDelegate.swift */,
				865230C6242B4E7100CF5A8C /* Main.storyboard */,
				865230C9242B4E7200CF5A8C /* Assets.xcassets */,
				865230CB242B4E7200CF5A8C /* LaunchScreen.storyboard */,
				865230CE242B4E7200CF5A8C /* Info.plist */,
			);
			path = SignUp;
			sourceTree = "<group>";
		};
/* End PBXGroup section */

/* Begin PBXNativeTarget section */
		865230BC242B4E7100CF5A8C /* SignUp */ = {
			isa = PBXNativeTarget;
			buildConfigurationList = 865230D1242B4E7200CF5A8C /* Build configuration list for PBXNativeTarget "SignUp" */;
			buildPhases = (
				865230B9242B4E7100CF5A8C /* Sources */,
				865230BA242B4E7100CF5A8C /* Frameworks */,
				865230BB242B4E7100CF5A8C /* Resources */,
			);
			buildRules = (
			);
			dependencies = (
			);
			name = SignUp;
			productName = SignUp;
			productReference = 865230BD242B4E7100CF5A8C /* SignUp.app */;
			productType = "com.apple.product-type.application";
		};
/* End PBXNativeTarget section */

/* Begin PBXProject section */
		865230B5242B4E7100CF5A8C /* Project object */ = {
			isa = PBXProject;
			attributes = {
				LastSwiftUpdateCheck = 1130;
				LastUpgradeCheck = 1130;
				ORGANIZATIONNAME = "한천희";
				TargetAttributes = {
					865230BC242B4E7100CF5A8C = {
						CreatedOnToolsVersion = 11.3.1;
					};
				};
			};
			buildConfigurationList = 865230B8242B4E7100CF5A8C /* Build configuration list for PBXProject "SignUp" */;
			compatibilityVersion = "Xcode 9.3";
			developmentRegion = en;
			hasScannedForEncodings = 0;
			knownRegions = (
				en,
				Base,
			);
			mainGroup = 865230B4242B4E7100CF5A8C;
			productRefGroup = 865230BE242B4E7100CF5A8C /* Products */;
			projectDirPath = "";
			projectRoot = "";
			targets = (
				865230BC242B4E7100CF5A8C /* SignUp */,
			);
		};
/* End PBXProject section */

/* Begin PBXResourcesBuildPhase section */
		865230BB242B4E7100CF5A8C /* Resources */ = {
			isa = PBXResourcesBuildPhase;
			buildActionMask = 2147483647;
			files = (
				865230CD242B4E7200CF5A8C /* LaunchScreen.storyboard in Resources */,
				865230CA242B4E7200CF5A8C /* Assets.xcassets in Resources */,
				865230C8242B4E7100CF5A8C /* Main.storyboard in Resources */,
			);
			runOnlyForDeploymentPostprocessing = 0;
		};
/* End PBXResourcesBuildPhase section */

/* Begin PBXSourcesBuildPhase section */
		865230B9242B4E7100CF5A8C /* Sources */ = {
			isa = PBXSourcesBuildPhase;
			buildActionMask = 2147483647;
			files = (
				86418A18242D232B00B6FC32 /* InterestViewController.swift in Sources */,
				86418A14242D221B00B6FC32 /* PersonalInfoViewController.swift in Sources */,
				865230C5242B4E7100CF5A8C /* SignUpViewController.swift in Sources */,
				86418A1A242D233A00B6FC32 /* LogInViewController.swift in Sources */,
				865230C1242B4E7100CF5A8C /* AppDelegate.swift in Sources */,
				865230C3242B4E7100CF5A8C /* SceneDelegate.swift in Sources */,
				86418A16242D227100B6FC32 /* InfoCollectionGuideViewController.swift in Sources */,
			);
			runOnlyForDeploymentPostprocessing = 0;
		};
/* End PBXSourcesBuildPhase section */

/* Begin PBXVariantGroup section */
		865230C6242B4E7100CF5A8C /* Main.storyboard */ = {
			isa = PBXVariantGroup;
			children = (
				865230C7242B4E7100CF5A8C /* Base */,
			);
			name = Main.storyboard;
			sourceTree = "<group>";
		};
		865230CB242B4E7200CF5A8C /* LaunchScreen.storyboard */ = {
			isa = PBXVariantGroup;
			children = (
				865230CC242B4E7200CF5A8C /* Base */,
			);
			name = LaunchScreen.storyboard;
			sourceTree = "<group>";
		};
/* End PBXVariantGroup section */

/* Begin XCBuildConfiguration section */
		865230CF242B4E7200CF5A8C /* Debug */ = {
			isa = XCBuildConfiguration;
			buildSettings = {
				ALWAYS_SEARCH_USER_PATHS = NO;
				CLANG_ANALYZER_NONNULL = YES;
				CLANG_ANALYZER_NUMBER_OBJECT_CONVERSION = YES_AGGRESSIVE;
				CLANG_CXX_LANGUAGE_STANDARD = "gnu++14";
				CLANG_CXX_LIBRARY = "libc++";
				CLANG_ENABLE_MODULES = YES;
				CLANG_ENABLE_OBJC_ARC = YES;
				CLANG_ENABLE_OBJC_WEAK = YES;
				CLANG_WARN_BLOCK_CAPTURE_AUTORELEASING = YES;
				CLANG_WARN_BOOL_CONVERSION = YES;
				CLANG_WARN_COMMA = YES;
				CLANG_WARN_CONSTANT_CONVERSION = YES;
				CLANG_WARN_DEPRECATED_OBJC_IMPLEMENTATIONS = YES;
				CLANG_WARN_DIRECT_OBJC_ISA_USAGE = YES_ERROR;
				CLANG_WARN_DOCUMENTATION_COMMENTS = YES;
				CLANG_WARN_EMPTY_BODY = YES;
				CLANG_WARN_ENUM_CONVERSION = YES;
				CLANG_WARN_INFINITE_RECURSION = YES;
				CLANG_WARN_INT_CONVERSION = YES;
				CLANG_WARN_NON_LITERAL_NULL_CONVERSION = YES;
				CLANG_WARN_OBJC_IMPLICIT_RETAIN_SELF = YES;
				CLANG_WARN_OBJC_LITERAL_CONVERSION = YES;
				CLANG_WARN_OBJC_ROOT_CLASS = YES_ERROR;
				CLANG_WARN_RANGE_LOOP_ANALYSIS = YES;
				CLANG_WARN_STRICT_PROTOTYPES = YES;
				CLANG_WARN_SUSPICIOUS_MOVE = YES;
				CLANG_WARN_UNGUARDED_AVAILABILITY = YES_AGGRESSIVE;
				CLANG_WARN_UNREACHABLE_CODE = YES;
				CLANG_WARN__DUPLICATE_METHOD_MATCH = YES;
				COPY_PHASE_STRIP = NO;
				DEBUG_INFORMATION_FORMAT = dwarf;
				ENABLE_STRICT_OBJC_MSGSEND = YES;
				ENABLE_TESTABILITY = YES;
				GCC_C_LANGUAGE_STANDARD = gnu11;
				GCC_DYNAMIC_NO_PIC = NO;
				GCC_NO_COMMON_BLOCKS = YES;
				GCC_OPTIMIZATION_LEVEL = 0;
				GCC_PREPROCESSOR_DEFINITIONS = (
					"DEBUG=1",
					"$(inherited)",
				);
				GCC_WARN_64_TO_32_BIT_CONVERSION = YES;
				GCC_WARN_ABOUT_RETURN_TYPE = YES_ERROR;
				GCC_WARN_UNDECLARED_SELECTOR = YES;
				GCC_WARN_UNINITIALIZED_AUTOS = YES_AGGRESSIVE;
				GCC_WARN_UNUSED_FUNCTION = YES;
				GCC_WARN_UNUSED_VARIABLE = YES;
				IPHONEOS_DEPLOYMENT_TARGET = 13.2;
				MTL_ENABLE_DEBUG_INFO = INCLUDE_SOURCE;
				MTL_FAST_MATH = YES;
				ONLY_ACTIVE_ARCH = YES;
				SDKROOT = iphoneos;
				SWIFT_ACTIVE_COMPILATION_CONDITIONS = DEBUG;
				SWIFT_OPTIMIZATION_LEVEL = "-Onone";
			};
			name = Debug;
		};
		865230D0242B4E7200CF5A8C /* Release */ = {
			isa = XCBuildConfiguration;
			buildSettings = {
				ALWAYS_SEARCH_USER_PATHS = NO;
				CLANG_ANALYZER_NONNULL = YES;
				CLANG_ANALYZER_NUMBER_OBJECT_CONVERSION = YES_AGGRESSIVE;
				CLANG_CXX_LANGUAGE_STANDARD = "gnu++14";
				CLANG_CXX_LIBRARY = "libc++";
				CLANG_ENABLE_MODULES = YES;
				CLANG_ENABLE_OBJC_ARC = YES;
				CLANG_ENABLE_OBJC_WEAK = YES;
				CLANG_WARN_BLOCK_CAPTURE_AUTORELEASING = YES;
				CLANG_WARN_BOOL_CONVERSION = YES;
				CLANG_WARN_COMMA = YES;
				CLANG_WARN_CONSTANT_CONVERSION = YES;
				CLANG_WARN_DEPRECATED_OBJC_IMPLEMENTATIONS = YES;
				CLANG_WARN_DIRECT_OBJC_ISA_USAGE = YES_ERROR;
				CLANG_WARN_DOCUMENTATION_COMMENTS = YES;
				CLANG_WARN_EMPTY_BODY = YES;
				CLANG_WARN_ENUM_CONVERSION = YES;
				CLANG_WARN_INFINITE_RECURSION = YES;
				CLANG_WARN_INT_CONVERSION = YES;
				CLANG_WARN_NON_LITERAL_NULL_CONVERSION = YES;
				CLANG_WARN_OBJC_IMPLICIT_RETAIN_SELF = YES;
				CLANG_WARN_OBJC_LITERAL_CONVERSION = YES;
				CLANG_WARN_OBJC_ROOT_CLASS = YES_ERROR;
				CLANG_WARN_RANGE_LOOP_ANALYSIS = YES;
				CLANG_WARN_STRICT_PROTOTYPES = YES;
				CLANG_WARN_SUSPICIOUS_MOVE = YES;
				CLANG_WARN_UNGUARDED_AVAILABILITY = YES_AGGRESSIVE;
				CLANG_WARN_UNREACHABLE_CODE = YES;
				CLANG_WARN__DUPLICATE_METHOD_MATCH = YES;
				COPY_PHASE_STRIP = NO;
				DEBUG_INFORMATION_FORMAT = "dwarf-with-dsym";
				ENABLE_NS_ASSERTIONS = NO;
				ENABLE_STRICT_OBJC_MSGSEND = YES;
				GCC_C_LANGUAGE_STANDARD = gnu11;
				GCC_NO_COMMON_BLOCKS = YES;
				GCC_WARN_64_TO_32_BIT_CONVERSION = YES;
				GCC_WARN_ABOUT_RETURN_TYPE = YES_ERROR;
				GCC_WARN_UNDECLARED_SELECTOR = YES;
				GCC_WARN_UNINITIALIZED_AUTOS = YES_AGGRESSIVE;
				GCC_WARN_UNUSED_FUNCTION = YES;
				GCC_WARN_UNUSED_VARIABLE = YES;
				IPHONEOS_DEPLOYMENT_TARGET = 13.2;
				MTL_ENABLE_DEBUG_INFO = NO;
				MTL_FAST_MATH = YES;
				SDKROOT = iphoneos;
				SWIFT_COMPILATION_MODE = wholemodule;
				SWIFT_OPTIMIZATION_LEVEL = "-O";
				VALIDATE_PRODUCT = YES;
			};
			name = Release;
		};
		865230D2242B4E7200CF5A8C /* Debug */ = {
			isa = XCBuildConfiguration;
			buildSettings = {
				ASSETCATALOG_COMPILER_APPICON_NAME = AppIcon;
				CODE_SIGN_STYLE = Automatic;
				DEVELOPMENT_TEAM = N74L5DV26F;
				INFOPLIST_FILE = SignUp/Info.plist;
				LD_RUNPATH_SEARCH_PATHS = (
					"$(inherited)",
					"@executable_path/Frameworks",
				);
				PRODUCT_BUNDLE_IDENTIFIER = kr.codesquad.SignUp;
				PRODUCT_NAME = "$(TARGET_NAME)";
				SWIFT_VERSION = 5.0;
				TARGETED_DEVICE_FAMILY = "1,2";
			};
			name = Debug;
		};
		865230D3242B4E7200CF5A8C /* Release */ = {
			isa = XCBuildConfiguration;
			buildSettings = {
				ASSETCATALOG_COMPILER_APPICON_NAME = AppIcon;
				CODE_SIGN_STYLE = Automatic;
				DEVELOPMENT_TEAM = N74L5DV26F;
				INFOPLIST_FILE = SignUp/Info.plist;
				LD_RUNPATH_SEARCH_PATHS = (
					"$(inherited)",
					"@executable_path/Frameworks",
				);
				PRODUCT_BUNDLE_IDENTIFIER = kr.codesquad.SignUp;
				PRODUCT_NAME = "$(TARGET_NAME)";
				SWIFT_VERSION = 5.0;
				TARGETED_DEVICE_FAMILY = "1,2";
			};
			name = Release;
		};
/* End XCBuildConfiguration section */

/* Begin XCConfigurationList section */
		865230B8242B4E7100CF5A8C /* Build configuration list for PBXProject "SignUp" */ = {
			isa = XCConfigurationList;
			buildConfigurations = (
				865230CF242B4E7200CF5A8C /* Debug */,
				865230D0242B4E7200CF5A8C /* Release */,
			);
			defaultConfigurationIsVisible = 0;
			defaultConfigurationName = Release;
		};
		865230D1242B4E7200CF5A8C /* Build configuration list for PBXNativeTarget "SignUp" */ = {
			isa = XCConfigurationList;
			buildConfigurations = (
				865230D2242B4E7200CF5A8C /* Debug */,
				865230D3242B4E7200CF5A8C /* Release */,
			);
			defaultConfigurationIsVisible = 0;
			defaultConfigurationName = Release;
		};
/* End XCConfigurationList section */
	};
	rootObject = 865230B5242B4E7100CF5A8C /* Project object */;
}
